github.com/elastic/elastic-agent-libs v0.46.2-0.20260716090421-96c295ad197f h1:rQZxw3uWtBCGZIgSeocDYFedQSWfZU47e4+KpzuFS3g=
github.com/elastic/elastic-agent-libs v0.46.2-0.20260716090421-96c295ad197f/go.mod h1:axkpqDCCzAky6G4D/cklgtZQa3jTNGAMVHVkU0u6YbU=
github.com/elastic/elastic-agent-libs v0.46.2-0.20260717072702-02294d812c7d h1:JsN2CpGeT4ozSz0Cc6Gzo9YyOH9kt0y+y2yUXcQdzEc=
github.com/elastic/elastic-agent-libs v0.46.2-0.20260717072702-02294d812c7d/go.mod h1:axkpqDCCzAky6G4D/cklgtZQa3jTNGAMVHVkU0u6YbU=
github.com/elastic/elastic-agent-libs v0.46.2-0.20260717093148-897085ab2c7b h1:SoBXr+viX0MSf3vpAOsfscVm5FTV4DW3zPLAq7jwXdc=
github.com/elastic/elastic-agent-libs v0.46.2-0.20260717093148-897085ab2c7b/go.mod h1:axkpqDCCzAky6G4D/cklgtZQa3jTNGAMVHVkU0u6YbU=
github.com/elastic/elastic-agent-libs v0.46.2-0.20260717103017-7f523dc354ff h1:kdTUyCPXF19aWqFO31GMddDjAvcoUCwAlLJCBnpITr0=
github.com/elastic/elastic-agent-libs v0.46.2-0.20260717103017-7f523dc354ff/go.mod h1:axkpqDCCzAky6G4D/cklgtZQa3jTNGAMVHVkU0u6YbU=
github.com/elastic/elastic-agent-libs v0.46.2-0.20260717111726-0495cacce80e h1:cuGkv4Mw2aHIOA496rofIoF9FWlOIM20tocDGODUgIg=
github.com/elastic/elastic-agent-libs v0.46.2-0.20260717111726-0495cacce80e/go.mod h1:axkpqDCCzAky6G4D/cklgtZQa3jTNGAMVHVkU0u6YbU=
github.com/elastic/elastic-agent-libs v0.46.2-0.20260717114328-14cf279012b2 h1:bh5npbiH4llu2z5IpvvPjkaRdoqqXuJKt40t/X4spSU=
github.com/elastic/elastic-agent-libs v0.46.2-0.20260717114328-14cf279012b2/go.mod h1:axkpqDCCzAky6G4D/cklgtZQa3jTNGAMVHVkU0u6YbU=
github.com/elastic/go-ucfg v0.9.1 h1:OwbVLC9pAmHqlBDq5owRC7HbfldsLuqPqrwg23n17BQ=
github.com/elastic/go-ucfg v0.9.1/go.mod h1:6Z66LNkFK5xAlWg3Ny7qgtrvBUadaAcor+kYxw2pXBk=
github.com/magefile/mage v1.17.2 h1:fyXVu1eadI8Ap1HCCNgEhJ5McIWiYhLR8uol64ZZc40=
github.com/magefile/mage v1.17.2/go.mod h1:Yj51kqllmsgFpvvSzgrZPK9WtluG3kUhFaBUVLo4feA=
go.uber.org/multierr v1.11.0 h1:blXXJkSxSSfBVBlC76pxqeO+LN3aDfLQo+309xJstO0=
go.uber.org/multierr v1.11.0/go.mod h1:20+QtiLqy0Nd6FdQB9TLXag12DsQkrbs3htMFfDN80Y=
go.uber.org/zap v1.28.0 h1:IZzaP1Fv73/T/pBMLk4VutPl36uNC+OSUh3JLG3FIjo=
go.uber.org/zap v1.28.0/go.mod h1:rDLpOi171uODNm/mxFcuYWxDsqWSAVkFdX4XojSKg/Q=
golang.org/x/sys v0.46.0 h1:noSf2Fq6F8DBgS+LysIkx7rIExoNHJsxOAtPp4rthXw=
golang.org/x/sys v0.46.0/go.mod h1:4GL1E5IUh+htKOUEOaiffhrAeqysfVGipDYzABqnCmw=
gopkg.in/check.v1 v0.0.0-20161208181325-20d25e280405/go.mod h1:Co6ibVJAznAaIkqp8huTwlJQCZ016jof/cbN4VW5Yz0=
gopkg.in/yaml.v2 v2.4.0 h1:D8xgwECY7CYvx+Y2n4sBz93Jn9JRvxdiyyo8CTfuKaY=
gopkg.in/yaml.v2 v2.4.0/go.mod h1:RDklbk79AGWmwhnvt/jBztapEOGDOx6ZbXqjP6csGnQ=
